
Microsoft Visual Studio Solution File, Format Version 12.00
# Visual Studio 15
VisualStudioVersion = 15.0.26430.14
MinimumVisualStudioVersion = 10.0.40219.1
Project("{FAE04EC0-301F-11D3-BF4B-00C04F79EFBC}") = "DataPackage_Archive_Manager", "DataPackage_Archive_Manager.csproj", "{4803DE17-7F4A-4840-BAE0-F9BC63D4EC8B}"
EndProject
Global
	GlobalSection(SolutionConfigurationPlatforms) = preSolution
		Debug|x86 = Debug|x86
		Release|x86 = Release|x86
	EndGlobalSection
	GlobalSection(ProjectConfigurationPlatforms) = postSolution
		{4803DE17-7F4A-4840-BAE0-F9BC63D4EC8B}.Debug|x86.ActiveCfg = Debug|x86
		{4803DE17-7F4A-4840-BAE0-F9BC63D4EC8B}.Debug|x86.Build.0 = Debug|x86
		{4803DE17-7F4A-4840-BAE0-F9BC63D4EC8B}.Release|x86.ActiveCfg = Release|x86
		{4803DE17-7F4A-4840-BAE0-F9BC63D4EC8B}.Release|x86.Build.0 = Release|x86
	EndGlobalSection
	GlobalSection(SolutionProperties) = preSolution
		HideSolutionNode = FALSE
	EndGlobalSection
EndGlobal
